
Microsoft Visual Studio Solution File, Format Version 12.00
# Visual Studio Version 17
VisualStudioVersion = 17.6.33513.286
MinimumVisualStudioVersion = 10.0.40219.1
Project("{9A19103F-16F7-4668-BE54-9A1E7A4F7556}") = "Microsoft.Graph", "Microsoft.Graph.csproj", "{C27B71EC-759F-4FC8-A6F4-F8B46616295D}"
EndProject
Project("{9A19103F-16F7-4668-BE54-9A1E7A4F7556}") = "Microsoft.Graph.Core", "..\Microsoft.Graph.Core\Microsoft.Graph.Core.csproj", "{5E8C8606-D0F5-4CFE-AC39-3986D54F4640}"
EndProject
Global
	GlobalSection(SolutionConfigurationPlatforms) = preSolution
		Debug|Any CPU = Debug|Any CPU
		Release|Any CPU = Release|Any CPU
	EndGlobalSection
	GlobalSection(ProjectConfigurationPlatforms) = postSolution
		{C27B71EC-759F-4FC8-A6F4-F8B46616295D}.Debug|Any CPU.ActiveCfg = Debug|Any CPU
		{C27B71EC-759F-4FC8-A6F4-F8B46616295D}.Debug|Any CPU.Build.0 = Debug|Any CPU
		{C27B71EC-759F-4FC8-A6F4-F8B46616295D}.Release|Any CPU.ActiveCfg = Release|Any CPU
		{C27B71EC-759F-4FC8-A6F4-F8B46616295D}.Release|Any CPU.Build.0 = Release|Any CPU
		{5E8C8606-D0F5-4CFE-AC39-3986D54F4640}.Debug|Any CPU.ActiveCfg = Debug|Any CPU
		{5E8C8606-D0F5-4CFE-AC39-3986D54F4640}.Debug|Any CPU.Build.0 = Debug|Any CPU
		{5E8C8606-D0F5-4CFE-AC39-3986D54F4640}.Release|Any CPU.ActiveCfg = Release|Any CPU
		{5E8C8606-D0F5-4CFE-AC39-3986D54F4640}.Release|Any CPU.Build.0 = Release|Any CPU
	EndGlobalSection
	GlobalSection(SolutionProperties) = preSolution
		HideSolutionNode = FALSE
	EndGlobalSection
	GlobalSection(ExtensibilityGlobals) = postSolution
		SolutionGuid = {4A538096-091A-4009-92B7-9ECF3BAA4077}
	EndGlobalSection
EndGlobal
