
Microsoft Visual Studio Solution File, Format Version 12.00
# Visual Studio Version 17
VisualStudioVersion = 17.4.33213.308
MinimumVisualStudioVersion = 10.0.40219.1
Project("{FAE04EC0-301F-11D3-BF4B-00C04F79EFBC}") = "AllInOneApp", "Src\AllInOneApp\AllInOneApp.csproj", "{CD9E85B3-8539-414B-A57A-365274D0538E}"
EndProject
Project("{9A19103F-16F7-4668-BE54-9A1E7A4F7556}") = "Azure.Core", "Src\Azure.Core\Azure.Core.csproj", "{97FCF703-8B9A-46E3-8DD0-B754E41FF74B}"
EndProject
Project("{9A19103F-16F7-4668-BE54-9A1E7A4F7556}") = "System.Text.Json", "Src\System.Text.Json\System.Text.Json.csproj", "{79E7EE4E-E8DF-4D67-B103-6930DAAF6EF4}"
EndProject
Project("{9A19103F-16F7-4668-BE54-9A1E7A4F7556}") = "Microsoft.Graph.Core", "Src\Microsoft.Graph.Core\Microsoft.Graph.Core.csproj", "{B7960242-2C5C-4D86-9C5F-0DE67FAC3BE5}"
EndProject
Project("{9A19103F-16F7-4668-BE54-9A1E7A4F7556}") = "Microsoft.Graph", "Src\Microsoft.Graph\Microsoft.Graph.csproj", "{32E001B1-13F9-4588-B507-38357EEE6CF2}"
EndProject
Global
	GlobalSection(SolutionConfigurationPlatforms) = preSolution
		Debug|Any CPU = Debug|Any CPU
		Debug|ARM = Debug|ARM
		Debug|ARM64 = Debug|ARM64
		Debug|x64 = Debug|x64
		Debug|x86 = Debug|x86
		Release|Any CPU = Release|Any CPU
		Release|ARM = Release|ARM
		Release|ARM64 = Release|ARM64
		Release|x64 = Release|x64
		Release|x86 = Release|x86
	EndGlobalSection
	GlobalSection(ProjectConfigurationPlatforms) = postSolution
		{CD9E85B3-8539-414B-A57A-365274D0538E}.Debug|Any CPU.ActiveCfg = Debug|x64
		{CD9E85B3-8539-414B-A57A-365274D0538E}.Debug|Any CPU.Build.0 = Debug|x64
		{CD9E85B3-8539-414B-A57A-365274D0538E}.Debug|Any CPU.Deploy.0 = Debug|x64
		{CD9E85B3-8539-414B-A57A-365274D0538E}.Debug|ARM.ActiveCfg = Debug|ARM
		{CD9E85B3-8539-414B-A57A-365274D0538E}.Debug|ARM.Build.0 = Debug|ARM
		{CD9E85B3-8539-414B-A57A-365274D0538E}.Debug|ARM.Deploy.0 = Debug|ARM
		{CD9E85B3-8539-414B-A57A-365274D0538E}.Debug|ARM64.ActiveCfg = Debug|ARM64
		{CD9E85B3-8539-414B-A57A-365274D0538E}.Debug|ARM64.Build.0 = Debug|ARM64
		{CD9E85B3-8539-414B-A57A-365274D0538E}.Debug|ARM64.Deploy.0 = Debug|ARM64
		{CD9E85B3-8539-414B-A57A-365274D0538E}.Debug|x64.ActiveCfg = Debug|x64
		{CD9E85B3-8539-414B-A57A-365274D0538E}.Debug|x64.Build.0 = Debug|x64
		{CD9E85B3-8539-414B-A57A-365274D0538E}.Debug|x64.Deploy.0 = Debug|x64
		{CD9E85B3-8539-414B-A57A-365274D0538E}.Debug|x86.ActiveCfg = Debug|x86
		{CD9E85B3-8539-414B-A57A-365274D0538E}.Debug|x86.Build.0 = Debug|x86
		{CD9E85B3-8539-414B-A57A-365274D0538E}.Debug|x86.Deploy.0 = Debug|x86
		{CD9E85B3-8539-414B-A57A-365274D0538E}.Release|Any CPU.ActiveCfg = Release|x64
		{CD9E85B3-8539-414B-A57A-365274D0538E}.Release|Any CPU.Build.0 = Release|x64
		{CD9E85B3-8539-414B-A57A-365274D0538E}.Release|Any CPU.Deploy.0 = Release|x64
		{CD9E85B3-8539-414B-A57A-365274D0538E}.Release|ARM.ActiveCfg = Release|ARM
		{CD9E85B3-8539-414B-A57A-365274D0538E}.Release|ARM.Build.0 = Release|ARM
		{CD9E85B3-8539-414B-A57A-365274D0538E}.Release|ARM.Deploy.0 = Release|ARM
		{CD9E85B3-8539-414B-A57A-365274D0538E}.Release|ARM64.ActiveCfg = Release|ARM64
		{CD9E85B3-8539-414B-A57A-365274D0538E}.Release|ARM64.Build.0 = Release|ARM64
		{CD9E85B3-8539-414B-A57A-365274D0538E}.Release|ARM64.Deploy.0 = Release|ARM64
		{CD9E85B3-8539-414B-A57A-365274D0538E}.Release|x64.ActiveCfg = Release|x64
		{CD9E85B3-8539-414B-A57A-365274D0538E}.Release|x64.Build.0 = Release|x64
		{CD9E85B3-8539-414B-A57A-365274D0538E}.Release|x64.Deploy.0 = Release|x64
		{CD9E85B3-8539-414B-A57A-365274D0538E}.Release|x86.ActiveCfg = Release|x86
		{CD9E85B3-8539-414B-A57A-365274D0538E}.Release|x86.Build.0 = Release|x86
		{CD9E85B3-8539-414B-A57A-365274D0538E}.Release|x86.Deploy.0 = Release|x86
		{97FCF703-8B9A-46E3-8DD0-B754E41FF74B}.Debug|Any CPU.ActiveCfg = Debug|Any CPU
		{97FCF703-8B9A-46E3-8DD0-B754E41FF74B}.Debug|Any CPU.Build.0 = Debug|Any CPU
		{97FCF703-8B9A-46E3-8DD0-B754E41FF74B}.Debug|ARM.ActiveCfg = Debug|Any CPU
		{97FCF703-8B9A-46E3-8DD0-B754E41FF74B}.Debug|ARM.Build.0 = Debug|Any CPU
		{97FCF703-8B9A-46E3-8DD0-B754E41FF74B}.Debug|ARM64.ActiveCfg = Debug|Any CPU
		{97FCF703-8B9A-46E3-8DD0-B754E41FF74B}.Debug|ARM64.Build.0 = Debug|Any CPU
		{97FCF703-8B9A-46E3-8DD0-B754E41FF74B}.Debug|x64.ActiveCfg = Debug|Any CPU
		{97FCF703-8B9A-46E3-8DD0-B754E41FF74B}.Debug|x64.Build.0 = Debug|Any CPU
		{97FCF703-8B9A-46E3-8DD0-B754E41FF74B}.Debug|x86.ActiveCfg = Debug|Any CPU
		{97FCF703-8B9A-46E3-8DD0-B754E41FF74B}.Debug|x86.Build.0 = Debug|Any CPU
		{97FCF703-8B9A-46E3-8DD0-B754E41FF74B}.Release|Any CPU.ActiveCfg = Release|Any CPU
		{97FCF703-8B9A-46E3-8DD0-B754E41FF74B}.Release|Any CPU.Build.0 = Release|Any CPU
		{97FCF703-8B9A-46E3-8DD0-B754E41FF74B}.Release|ARM.ActiveCfg = Release|Any CPU
		{97FCF703-8B9A-46E3-8DD0-B754E41FF74B}.Release|ARM.Build.0 = Release|Any CPU
		{97FCF703-8B9A-46E3-8DD0-B754E41FF74B}.Release|ARM64.ActiveCfg = Release|Any CPU
		{97FCF703-8B9A-46E3-8DD0-B754E41FF74B}.Release|ARM64.Build.0 = Release|Any CPU
		{97FCF703-8B9A-46E3-8DD0-B754E41FF74B}.Release|x64.ActiveCfg = Release|Any CPU
		{97FCF703-8B9A-46E3-8DD0-B754E41FF74B}.Release|x64.Build.0 = Release|Any CPU
		{97FCF703-8B9A-46E3-8DD0-B754E41FF74B}.Release|x86.ActiveCfg = Release|Any CPU
		{97FCF703-8B9A-46E3-8DD0-B754E41FF74B}.Release|x86.Build.0 = Release|Any CPU
		{79E7EE4E-E8DF-4D67-B103-6930DAAF6EF4}.Debug|Any CPU.ActiveCfg = Debug|Any CPU
		{79E7EE4E-E8DF-4D67-B103-6930DAAF6EF4}.Debug|Any CPU.Build.0 = Debug|Any CPU
		{79E7EE4E-E8DF-4D67-B103-6930DAAF6EF4}.Debug|ARM.ActiveCfg = Debug|Any CPU
		{79E7EE4E-E8DF-4D67-B103-6930DAAF6EF4}.Debug|ARM.Build.0 = Debug|Any CPU
		{79E7EE4E-E8DF-4D67-B103-6930DAAF6EF4}.Debug|ARM64.ActiveCfg = Debug|Any CPU
		{79E7EE4E-E8DF-4D67-B103-6930DAAF6EF4}.Debug|ARM64.Build.0 = Debug|Any CPU
		{79E7EE4E-E8DF-4D67-B103-6930DAAF6EF4}.Debug|x64.ActiveCfg = Debug|Any CPU
		{79E7EE4E-E8DF-4D67-B103-6930DAAF6EF4}.Debug|x64.Build.0 = Debug|Any CPU
		{79E7EE4E-E8DF-4D67-B103-6930DAAF6EF4}.Debug|x86.ActiveCfg = Debug|Any CPU
		{79E7EE4E-E8DF-4D67-B103-6930DAAF6EF4}.Debug|x86.Build.0 = Debug|Any CPU
		{79E7EE4E-E8DF-4D67-B103-6930DAAF6EF4}.Release|Any CPU.ActiveCfg = Release|Any CPU
		{79E7EE4E-E8DF-4D67-B103-6930DAAF6EF4}.Release|Any CPU.Build.0 = Release|Any CPU
		{79E7EE4E-E8DF-4D67-B103-6930DAAF6EF4}.Release|ARM.ActiveCfg = Release|Any CPU
		{79E7EE4E-E8DF-4D67-B103-6930DAAF6EF4}.Release|ARM.Build.0 = Release|Any CPU
		{79E7EE4E-E8DF-4D67-B103-6930DAAF6EF4}.Release|ARM64.ActiveCfg = Release|Any CPU
		{79E7EE4E-E8DF-4D67-B103-6930DAAF6EF4}.Release|ARM64.Build.0 = Release|Any CPU
		{79E7EE4E-E8DF-4D67-B103-6930DAAF6EF4}.Release|x64.ActiveCfg = Release|Any CPU
		{79E7EE4E-E8DF-4D67-B103-6930DAAF6EF4}.Release|x64.Build.0 = Release|Any CPU
		{79E7EE4E-E8DF-4D67-B103-6930DAAF6EF4}.Release|x86.ActiveCfg = Release|Any CPU
		{79E7EE4E-E8DF-4D67-B103-6930DAAF6EF4}.Release|x86.Build.0 = Release|Any CPU
		{B7960242-2C5C-4D86-9C5F-0DE67FAC3BE5}.Debug|Any CPU.ActiveCfg = Debug|Any CPU
		{B7960242-2C5C-4D86-9C5F-0DE67FAC3BE5}.Debug|Any CPU.Build.0 = Debug|Any CPU
		{B7960242-2C5C-4D86-9C5F-0DE67FAC3BE5}.Debug|ARM.ActiveCfg = Debug|Any CPU
		{B7960242-2C5C-4D86-9C5F-0DE67FAC3BE5}.Debug|ARM.Build.0 = Debug|Any CPU
		{B7960242-2C5C-4D86-9C5F-0DE67FAC3BE5}.Debug|ARM64.ActiveCfg = Debug|Any CPU
		{B7960242-2C5C-4D86-9C5F-0DE67FAC3BE5}.Debug|ARM64.Build.0 = Debug|Any CPU
		{B7960242-2C5C-4D86-9C5F-0DE67FAC3BE5}.Debug|x64.ActiveCfg = Debug|Any CPU
		{B7960242-2C5C-4D86-9C5F-0DE67FAC3BE5}.Debug|x64.Build.0 = Debug|Any CPU
		{B7960242-2C5C-4D86-9C5F-0DE67FAC3BE5}.Debug|x86.ActiveCfg = Debug|Any CPU
		{B7960242-2C5C-4D86-9C5F-0DE67FAC3BE5}.Debug|x86.Build.0 = Debug|Any CPU
		{B7960242-2C5C-4D86-9C5F-0DE67FAC3BE5}.Release|Any CPU.ActiveCfg = Release|Any CPU
		{B7960242-2C5C-4D86-9C5F-0DE67FAC3BE5}.Release|Any CPU.Build.0 = Release|Any CPU
		{B7960242-2C5C-4D86-9C5F-0DE67FAC3BE5}.Release|ARM.ActiveCfg = Release|Any CPU
		{B7960242-2C5C-4D86-9C5F-0DE67FAC3BE5}.Release|ARM.Build.0 = Release|Any CPU
		{B7960242-2C5C-4D86-9C5F-0DE67FAC3BE5}.Release|ARM64.ActiveCfg = Release|Any CPU
		{B7960242-2C5C-4D86-9C5F-0DE67FAC3BE5}.Release|ARM64.Build.0 = Release|Any CPU
		{B7960242-2C5C-4D86-9C5F-0DE67FAC3BE5}.Release|x64.ActiveCfg = Release|Any CPU
		{B7960242-2C5C-4D86-9C5F-0DE67FAC3BE5}.Release|x64.Build.0 = Release|Any CPU
		{B7960242-2C5C-4D86-9C5F-0DE67FAC3BE5}.Release|x86.ActiveCfg = Release|Any CPU
		{B7960242-2C5C-4D86-9C5F-0DE67FAC3BE5}.Release|x86.Build.0 = Release|Any CPU
		{32E001B1-13F9-4588-B507-38357EEE6CF2}.Debug|Any CPU.ActiveCfg = Debug|Any CPU
		{32E001B1-13F9-4588-B507-38357EEE6CF2}.Debug|Any CPU.Build.0 = Debug|Any CPU
		{32E001B1-13F9-4588-B507-38357EEE6CF2}.Debug|ARM.ActiveCfg = Debug|Any CPU
		{32E001B1-13F9-4588-B507-38357EEE6CF2}.Debug|ARM.Build.0 = Debug|Any CPU
		{32E001B1-13F9-4588-B507-38357EEE6CF2}.Debug|ARM64.ActiveCfg = Debug|Any CPU
		{32E001B1-13F9-4588-B507-38357EEE6CF2}.Debug|ARM64.Build.0 = Debug|Any CPU
		{32E001B1-13F9-4588-B507-38357EEE6CF2}.Debug|x64.ActiveCfg = Debug|Any CPU
		{32E001B1-13F9-4588-B507-38357EEE6CF2}.Debug|x64.Build.0 = Debug|Any CPU
		{32E001B1-13F9-4588-B507-38357EEE6CF2}.Debug|x86.ActiveCfg = Debug|Any CPU
		{32E001B1-13F9-4588-B507-38357EEE6CF2}.Debug|x86.Build.0 = Debug|Any CPU
		{32E001B1-13F9-4588-B507-38357EEE6CF2}.Release|Any CPU.ActiveCfg = Release|Any CPU
		{32E001B1-13F9-4588-B507-38357EEE6CF2}.Release|Any CPU.Build.0 = Release|Any CPU
		{32E001B1-13F9-4588-B507-38357EEE6CF2}.Release|ARM.ActiveCfg = Release|Any CPU
		{32E001B1-13F9-4588-B507-38357EEE6CF2}.Release|ARM.Build.0 = Release|Any CPU
		{32E001B1-13F9-4588-B507-38357EEE6CF2}.Release|ARM64.ActiveCfg = Release|Any CPU
		{32E001B1-13F9-4588-B507-38357EEE6CF2}.Release|ARM64.Build.0 = Release|Any CPU
		{32E001B1-13F9-4588-B507-38357EEE6CF2}.Release|x64.ActiveCfg = Release|Any CPU
		{32E001B1-13F9-4588-B507-38357EEE6CF2}.Release|x64.Build.0 = Release|Any CPU
		{32E001B1-13F9-4588-B507-38357EEE6CF2}.Release|x86.ActiveCfg = Release|Any CPU
		{32E001B1-13F9-4588-B507-38357EEE6CF2}.Release|x86.Build.0 = Release|Any CPU
	EndGlobalSection
	GlobalSection(SolutionProperties) = preSolution
		HideSolutionNode = FALSE
	EndGlobalSection
	GlobalSection(ExtensibilityGlobals) = postSolution
		SolutionGuid = {7315E440-09E7-4403-8EF4-71C30FE9B769}
	EndGlobalSection
EndGlobal
